// !$*UTF8*$!
{
	archiveVersion = 1;
	classes = {
	};
	objectVersion = 46;
	objects = {

/* Begin PBXBuildFile section */
		C06222F61624A8B800101FE8 /* UIKit.framework in Frameworks */ = {isa = PBXBuildFile; fileRef = C06222F51624A8B800101FE8 /* UIKit.framework */; };
		C06222F81624A8B800101FE8 /* Foundation.framework in Frameworks */ = {isa = PBXBuildFile; fileRef = C06222F71624A8B800101FE8 /* Foundation.framework */; };
		C06222FA1624A8B800101FE8 /* CoreGraphics.framework in Frameworks */ = {isa = PBXBuildFile; fileRef = C06222F91624A8B800101FE8 /* CoreGraphics.framework */; };
		C06223001624A8B800101FE8 /* InfoPlist.strings in Resources */ = {isa = PBXBuildFile; fileRef = C06222FE1624A8B800101FE8 /* InfoPlist.strings */; };
		C06223021624A8B800101FE8 /* main.m in Sources */ = {isa = PBXBuildFile; fileRef = C06223011624A8B800101FE8 /* main.m */; };
		C06223061624A8B800101FE8 /* AppDelegate.m in Sources */ = {isa = PBXBuildFile; fileRef = C06223051624A8B800101FE8 /* AppDelegate.m */; };
		C062231F1624B19B00101FE8 /* MainStoryboard_iPad.storyboard in Resources */ = {isa = PBXBuildFile; fileRef = C062231B1624B19B00101FE8 /* MainStoryboard_iPad.storyboard */; };
		C06223201624B19B00101FE8 /* MainStoryboard_iPhone.storyboard in Resources */ = {isa = PBXBuildFile; fileRef = C062231D1624B19B00101FE8 /* MainStoryboard_iPhone.storyboard */; };
		C062233F1625705F00101FE8 /* libsqlite3.0.dylib in Frameworks */ = {isa = PBXBuildFile; fileRef = C062233E1625705F00101FE8 /* libsqlite3.0.dylib */; };
		C06223411625706B00101FE8 /* StoreKit.framework in Frameworks */ = {isa = PBXBuildFile; fileRef = C06223401625706B00101FE8 /* StoreKit.framework */; };
		C06223431625711000101FE8 /* Security.framework in Frameworks */ = {isa = PBXBuildFile; fileRef = C06223421625711000101FE8 /* Security.framework */; };
		C07848BB164B09A50034A71D /* storefront in Resources */ = {isa = PBXBuildFile; fileRef = C07848BA164B09A50034A71D /* storefront */; };
		C07848BC164B09A50034A71D /* storefront in Resources */ = {isa = PBXBuildFile; fileRef = C07848BA164B09A50034A71D /* storefront */; };
		C07848BE164B09B10034A71D /* GoodDog.otf in Resources */ = {isa = PBXBuildFile; fileRef = C07848BD164B09B10034A71D /* GoodDog.otf */; };
		C07848BF164B09B10034A71D /* GoodDog.otf in Resources */ = {isa = PBXBuildFile; fileRef = C07848BD164B09B10034A71D /* GoodDog.otf */; };
		C0784904164B09CC0034A71D /* JSONConsts.m in Sources */ = {isa = PBXBuildFile; fileRef = C07848C3164B09CB0034A71D /* JSONConsts.m */; };
		C0784905164B09CC0034A71D /* JSONConsts.m in Sources */ = {isa = PBXBuildFile; fileRef = C07848C3164B09CB0034A71D /* JSONConsts.m */; };
		C0784906164B09CC0034A71D /* StorageManager.m in Sources */ = {isa = PBXBuildFile; fileRef = C07848C5164B09CB0034A71D /* StorageManager.m */; };
		C0784907164B09CC0034A71D /* StorageManager.m in Sources */ = {isa = PBXBuildFile; fileRef = C07848C5164B09CB0034A71D /* StorageManager.m */; };
		C0784908164B09CC0034A71D /* StoreDatabase.m in Sources */ = {isa = PBXBuildFile; fileRef = C07848C7164B09CB0034A71D /* StoreDatabase.m */; };
		C0784909164B09CC0034A71D /* StoreDatabase.m in Sources */ = {isa = PBXBuildFile; fileRef = C07848C7164B09CB0034A71D /* StoreDatabase.m */; };
		C078490A164B09CC0034A71D /* StoreEncryptor.m in Sources */ = {isa = PBXBuildFile; fileRef = C07848C9164B09CB0034A71D /* StoreEncryptor.m */; };
		C078490B164B09CC0034A71D /* StoreEncryptor.m in Sources */ = {isa = PBXBuildFile; fileRef = C07848C9164B09CB0034A71D /* StoreEncryptor.m */; };
		C078490C164B09CC0034A71D /* StorefrontInfo.m in Sources */ = {isa = PBXBuildFile; fileRef = C07848CB164B09CB0034A71D /* StorefrontInfo.m */; };
		C078490D164B09CC0034A71D /* StorefrontInfo.m in Sources */ = {isa = PBXBuildFile; fileRef = C07848CB164B09CB0034A71D /* StorefrontInfo.m */; };
		C078490E164B09CC0034A71D /* StoreInfo.m in Sources */ = {isa = PBXBuildFile; fileRef = C07848CD164B09CB0034A71D /* StoreInfo.m */; };
		C078490F164B09CC0034A71D /* StoreInfo.m in Sources */ = {isa = PBXBuildFile; fileRef = C07848CD164B09CB0034A71D /* StoreInfo.m */; };
		C0784910164B09CC0034A71D /* VirtualCurrencyStorage.m in Sources */ = {isa = PBXBuildFile; fileRef = C07848CF164B09CB0034A71D /* VirtualCurrencyStorage.m */; };
		C0784911164B09CC0034A71D /* VirtualCurrencyStorage.m in Sources */ = {isa = PBXBuildFile; fileRef = C07848CF164B09CB0034A71D /* VirtualCurrencyStorage.m */; };
		C0784912164B09CC0034A71D /* VirtualGoodStorage.m in Sources */ = {isa = PBXBuildFile; fileRef = C07848D1164B09CB0034A71D /* VirtualGoodStorage.m */; };
		C0784913164B09CC0034A71D /* VirtualGoodStorage.m in Sources */ = {isa = PBXBuildFile; fileRef = C07848D1164B09CB0034A71D /* VirtualGoodStorage.m */; };
		C0784914164B09CC0034A71D /* AppStoreItem.m in Sources */ = {isa = PBXBuildFile; fileRef = C07848D5164B09CB0034A71D /* AppStoreItem.m */; };
		C0784915164B09CC0034A71D /* AppStoreItem.m in Sources */ = {isa = PBXBuildFile; fileRef = C07848D5164B09CB0034A71D /* AppStoreItem.m */; };
		C0784916164B09CC0034A71D /* BalanceDrivenPriceModel.m in Sources */ = {isa = PBXBuildFile; fileRef = C07848D7164B09CB0034A71D /* BalanceDrivenPriceModel.m */; };
		C0784917164B09CC0034A71D /* BalanceDrivenPriceModel.m in Sources */ = {isa = PBXBuildFile; fileRef = C07848D7164B09CB0034A71D /* BalanceDrivenPriceModel.m */; };
		C0784918164B09CC0034A71D /* PriceModel.m in Sources */ = {isa = PBXBuildFile; fileRef = C07848D9164B09CB0034A71D /* PriceModel.m */; };
		C0784919164B09CC0034A71D /* PriceModel.m in Sources */ = {isa = PBXBuildFile; fileRef = C07848D9164B09CB0034A71D /* PriceModel.m */; };
		C078491A164B09CC0034A71D /* StaticPriceModel.m in Sources */ = {isa = PBXBuildFile; fileRef = C07848DB164B09CB0034A71D /* StaticPriceModel.m */; };
		C078491B164B09CC0034A71D /* StaticPriceModel.m in Sources */ = {isa = PBXBuildFile; fileRef = C07848DB164B09CB0034A71D /* StaticPriceModel.m */; };
		C078491C164B09CC0034A71D /* VirtualCategory.m in Sources */ = {isa = PBXBuildFile; fileRef = C07848DD164B09CB0034A71D /* VirtualCategory.m */; };
		C078491D164B09CC0034A71D /* VirtualCategory.m in Sources */ = {isa = PBXBuildFile; fileRef = C07848DD164B09CB0034A71D /* VirtualCategory.m */; };
		C078491E164B09CC0034A71D /* VirtualCurrency.m in Sources */ = {isa = PBXBuildFile; fileRef = C07848DF164B09CB0034A71D /* VirtualCurrency.m */; };
		C078491F164B09CC0034A71D /* VirtualCurrency.m in Sources */ = {isa = PBXBuildFile; fileRef = C07848DF164B09CB0034A71D /* VirtualCurrency.m */; };
		C0784920164B09CC0034A71D /* VirtualCurrencyPack.m in Sources */ = {isa = PBXBuildFile; fileRef = C07848E1164B09CB0034A71D /* VirtualCurrencyPack.m */; };
		C0784921164B09CC0034A71D /* VirtualCurrencyPack.m in Sources */ = {isa = PBXBuildFile; fileRef = C07848E1164B09CB0034A71D /* VirtualCurrencyPack.m */; };
		C0784922164B09CC0034A71D /* VirtualGood.m in Sources */ = {isa = PBXBuildFile; fileRef = C07848E3164B09CB0034A71D /* VirtualGood.m */; };
		C0784923164B09CC0034A71D /* VirtualGood.m in Sources */ = {isa = PBXBuildFile; fileRef = C07848E3164B09CB0034A71D /* VirtualGood.m */; };
		C0784924164B09CC0034A71D /* VirtualItem.m in Sources */ = {isa = PBXBuildFile; fileRef = C07848E5164B09CC0034A71D /* VirtualItem.m */; };
		C0784925164B09CC0034A71D /* VirtualItem.m in Sources */ = {isa = PBXBuildFile; fileRef = C07848E5164B09CC0034A71D /* VirtualItem.m */; };
		C0784926164B09CC0034A71D /* EventHandling.m in Sources */ = {isa = PBXBuildFile; fileRef = C07848E7164B09CC0034A71D /* EventHandling.m */; };
		C0784927164B09CC0034A71D /* EventHandling.m in Sources */ = {isa = PBXBuildFile; fileRef = C07848E7164B09CC0034A71D /* EventHandling.m */; };
		C0784928164B09CC0034A71D /* InsufficientFundsException.m in Sources */ = {isa = PBXBuildFile; fileRef = C07848EA164B09CC0034A71D /* InsufficientFundsException.m */; };
		C0784929164B09CC0034A71D /* InsufficientFundsException.m in Sources */ = {isa = PBXBuildFile; fileRef = C07848EA164B09CC0034A71D /* InsufficientFundsException.m */; };
		C078492A164B09CC0034A71D /* NotEnoughGoodsException.m in Sources */ = {isa = PBXBuildFile; fileRef = C07848EC164B09CC0034A71D /* NotEnoughGoodsException.m */; };
		C078492B164B09CC0034A71D /* NotEnoughGoodsException.m in Sources */ = {isa = PBXBuildFile; fileRef = C07848EC164B09CC0034A71D /* NotEnoughGoodsException.m */; };
		C078492C164B09CC0034A71D /* VirtualItemNotFoundException.m in Sources */ = {isa = PBXBuildFile; fileRef = C07848EE164B09CC0034A71D /* VirtualItemNotFoundException.m */; };
		C078492D164B09CC0034A71D /* VirtualItemNotFoundException.m in Sources */ = {isa = PBXBuildFile; fileRef = C07848EE164B09CC0034A71D /* VirtualItemNotFoundException.m */; };
		C078492E164B09CC0034A71D /* FBEncryptorAES.m in Sources */ = {isa = PBXBuildFile; fileRef = C07848F1164B09CC0034A71D /* FBEncryptorAES.m */; };
		C078492F164B09CC0034A71D /* FBEncryptorAES.m in Sources */ = {isa = PBXBuildFile; fileRef = C07848F1164B09CC0034A71D /* FBEncryptorAES.m */; };
		C0784930164B09CC0034A71D /* NSData+Base64.m in Sources */ = {isa = PBXBuildFile; fileRef = C07848F3164B09CC0034A71D /* NSData+Base64.m */; };
		C0784931164B09CC0034A71D /* NSData+Base64.m in Sources */ = {isa = PBXBuildFile; fileRef = C07848F3164B09CC0034A71D /* NSData+Base64.m */; };
		C0784932164B09CC0034A71D /* JSONKit.m in Sources */ = {isa = PBXBuildFile; fileRef = C07848F7164B09CC0034A71D /* JSONKit.m */; settings = {COMPILER_FLAGS = "-fno-objc-arc"; }; };
		C0784933164B09CC0034A71D /* JSONKit.m in Sources */ = {isa = PBXBuildFile; fileRef = C07848F7164B09CC0034A71D /* JSONKit.m */; };
		C0784934164B09CC0034A71D /* StoreConfig.m in Sources */ = {isa = PBXBuildFile; fileRef = C07848FA164B09CC0034A71D /* StoreConfig.m */; };
		C0784935164B09CC0034A71D /* StoreConfig.m in Sources */ = {isa = PBXBuildFile; fileRef = C07848FA164B09CC0034A71D /* StoreConfig.m */; };
		C0784936164B09CC0034A71D /* StoreController.m in Sources */ = {isa = PBXBuildFile; fileRef = C07848FC164B09CC0034A71D /* StoreController.m */; };
		C0784937164B09CC0034A71D /* StoreController.m in Sources */ = {isa = PBXBuildFile; fileRef = C07848FC164B09CC0034A71D /* StoreController.m */; };
		C0784938164B09CC0034A71D /* StoreInventory.m in Sources */ = {isa = PBXBuildFile; fileRef = C07848FE164B09CC0034A71D /* StoreInventory.m */; };
		C0784939164B09CC0034A71D /* StoreInventory.m in Sources */ = {isa = PBXBuildFile; fileRef = C07848FE164B09CC0034A71D /* StoreInventory.m */; };
		C078493A164B09CC0034A71D /* NSString+MD5Addition.m in Sources */ = {isa = PBXBuildFile; fileRef = C0784901164B09CC0034A71D /* NSString+MD5Addition.m */; };
		C078493B164B09CC0034A71D /* NSString+MD5Addition.m in Sources */ = {isa = PBXBuildFile; fileRef = C0784901164B09CC0034A71D /* NSString+MD5Addition.m */; };
		C078493C164B09CC0034A71D /* UIDevice+IdentifierAddition.m in Sources */ = {isa = PBXBuildFile; fileRef = C0784903164B09CC0034A71D /* UIDevice+IdentifierAddition.m */; };
		C078493D164B09CC0034A71D /* UIDevice+IdentifierAddition.m in Sources */ = {isa = PBXBuildFile; fileRef = C0784903164B09CC0034A71D /* UIDevice+IdentifierAddition.m */; };
		C0784945164B09D60034A71D /* StorefrontController.m in Sources */ = {isa = PBXBuildFile; fileRef = C0784940164B09D60034A71D /* StorefrontController.m */; };
		C0784946164B09D60034A71D /* StorefrontController.m in Sources */ = {isa = PBXBuildFile; fileRef = C0784940164B09D60034A71D /* StorefrontController.m */; };
		C0784947164B09D60034A71D /* StorefrontJS.m in Sources */ = {isa = PBXBuildFile; fileRef = C0784942164B09D60034A71D /* StorefrontJS.m */; };
		C0784948164B09D60034A71D /* StorefrontJS.m in Sources */ = {isa = PBXBuildFile; fileRef = C0784942164B09D60034A71D /* StorefrontJS.m */; };
		C0784949164B09D60034A71D /* StorefrontViewController.m in Sources */ = {isa = PBXBuildFile; fileRef = C0784944164B09D60034A71D /* StorefrontViewController.m */; };
		C078494A164B09D60034A71D /* StorefrontViewController.m in Sources */ = {isa = PBXBuildFile; fileRef = C0784944164B09D60034A71D /* StorefrontViewController.m */; };
		C07849CE164B17290034A71D /* theme in Resources */ = {isa = PBXBuildFile; fileRef = C07849CC164B17290034A71D /* theme */; };
		C07849DA164BD1FA0034A71D /* Default-568h@2x.png in Resources */ = {isa = PBXBuildFile; fileRef = C07849D0164BD1FA0034A71D /* Default-568h@2x.png */; };
		C07849DB164BD1FA0034A71D /* Default-568h@2x.png in Resources */ = {isa = PBXBuildFile; fileRef = C07849D0164BD1FA0034A71D /* Default-568h@2x.png */; };
		C07849DC164BD1FA0034A71D /* Default.png in Resources */ = {isa = PBXBuildFile; fileRef = C07849D1164BD1FA0034A71D /* Default.png */; };
		C07849DD164BD1FA0034A71D /* Default.png in Resources */ = {isa = PBXBuildFile; fileRef = C07849D1164BD1FA0034A71D /* Default.png */; };
		C07849DE164BD1FA0034A71D /* Default@2x.png in Resources */ = {isa = PBXBuildFile; fileRef = C07849D2164BD1FA0034A71D /* Default@2x.png */; };
		C07849DF164BD1FA0034A71D /* Default@2x.png in Resources */ = {isa = PBXBuildFile; fileRef = C07849D2164BD1FA0034A71D /* Default@2x.png */; };
		C07849E0164BD1FA0034A71D /* gradient.png in Resources */ = {isa = PBXBuildFile; fileRef = C07849D3164BD1FA0034A71D /* gradient.png */; };
		C07849E1164BD1FA0034A71D /* gradient.png in Resources */ = {isa = PBXBuildFile; fileRef = C07849D3164BD1FA0034A71D /* gradient.png */; };
		C07849E2164BD1FA0034A71D /* Icon.png in Resources */ = {isa = PBXBuildFile; fileRef = C07849D4164BD1FA0034A71D /* Icon.png */; };
		C07849E3164BD1FA0034A71D /* Icon.png in Resources */ = {isa = PBXBuildFile; fileRef = C07849D4164BD1FA0034A71D /* Icon.png */; };
		C07849E4164BD1FA0034A71D /* Icon@2x.png in Resources */ = {isa = PBXBuildFile; fileRef = C07849D5164BD1FA0034A71D /* Icon@2x.png */; };
		C07849E5164BD1FA0034A71D /* Icon@2x.png in Resources */ = {isa = PBXBuildFile; fileRef = C07849D5164BD1FA0034A71D /* Icon@2x.png */; };
		C07849E6164BD1FA0034A71D /* img_direct.jpg in Resources */ = {isa = PBXBuildFile; fileRef = C07849D6164BD1FA0034A71D /* img_direct.jpg */; };
		C07849E7164BD1FA0034A71D /* img_direct.jpg in Resources */ = {isa = PBXBuildFile; fileRef = C07849D6164BD1FA0034A71D /* img_direct.jpg */; };
		C07849E8164BD1FA0034A71D /* right_bg.png in Resources */ = {isa = PBXBuildFile; fileRef = C07849D7164BD1FA0034A71D /* right_bg.png */; };
		C07849E9164BD1FA0034A71D /* right_bg.png in Resources */ = {isa = PBXBuildFile; fileRef = C07849D7164BD1FA0034A71D /* right_bg.png */; };
		C07849EA164BD1FA0034A71D /* right_bg_hover.png in Resources */ = {isa = PBXBuildFile; fileRef = C07849D8164BD1FA0034A71D /* right_bg_hover.png */; };
		C07849EB164BD1FA0034A71D /* right_bg_hover.png in Resources */ = {isa = PBXBuildFile; fileRef = C07849D8164BD1FA0034A71D /* right_bg_hover.png */; };
		C07849EC164BD1FA0034A71D /* soomla_logo_new.png in Resources */ = {isa = PBXBuildFile; fileRef = C07849D9164BD1FA0034A71D /* soomla_logo_new.png */; };
		C07849ED164BD1FA0034A71D /* soomla_logo_new.png in Resources */ = {isa = PBXBuildFile; fileRef = C07849D9164BD1FA0034A71D /* soomla_logo_new.png */; };
		C078923416259D0600D48ECD /* StoreExampleViewController.m in Sources */ = {isa = PBXBuildFile; fileRef = C078923316259D0600D48ECD /* StoreExampleViewController.m */; };
		C078923516259D0600D48ECD /* StoreExampleViewController.m in Sources */ = {isa = PBXBuildFile; fileRef = C078923316259D0600D48ECD /* StoreExampleViewController.m */; };
		C0ABC15D16259A5F00632364 /* main.m in Sources */ = {isa = PBXBuildFile; fileRef = C06223011624A8B800101FE8 /* main.m */; };
		C0ABC15E16259A5F00632364 /* AppDelegate.m in Sources */ = {isa = PBXBuildFile; fileRef = C06223051624A8B800101FE8 /* AppDelegate.m */; };
		C0ABC16116259A5F00632364 /* Security.framework in Frameworks */ = {isa = PBXBuildFile; fileRef = C06223421625711000101FE8 /* Security.framework */; };
		C0ABC16216259A5F00632364 /* StoreKit.framework in Frameworks */ = {isa = PBXBuildFile; fileRef = C06223401625706B00101FE8 /* StoreKit.framework */; };
		C0ABC16316259A5F00632364 /* libsqlite3.0.dylib in Frameworks */ = {isa = PBXBuildFile; fileRef = C062233E1625705F00101FE8 /* libsqlite3.0.dylib */; };
		C0ABC16516259A5F00632364 /* UIKit.framework in Frameworks */ = {isa = PBXBuildFile; fileRef = C06222F51624A8B800101FE8 /* UIKit.framework */; };
		C0ABC16616259A5F00632364 /* Foundation.framework in Frameworks */ = {isa = PBXBuildFile; fileRef = C06222F71624A8B800101FE8 /* Foundation.framework */; };
		C0ABC16716259A5F00632364 /* CoreGraphics.framework in Frameworks */ = {isa = PBXBuildFile; fileRef = C06222F91624A8B800101FE8 /* CoreGraphics.framework */; };
		C0ABC16916259A5F00632364 /* InfoPlist.strings in Resources */ = {isa = PBXBuildFile; fileRef = C06222FE1624A8B800101FE8 /* InfoPlist.strings */; };
		C0ABC16A16259A5F00632364 /* MainStoryboard_iPad.storyboard in Resources */ = {isa = PBXBuildFile; fileRef = C062231B1624B19B00101FE8 /* MainStoryboard_iPad.storyboard */; };
		C0ABC16B16259A5F00632364 /* MainStoryboard_iPhone.storyboard in Resources */ = {isa = PBXBuildFile; fileRef = C062231D1624B19B00101FE8 /* MainStoryboard_iPhone.storyboard */; };
		C0C3E1EC163F07CB00E5C103 /* theme.json in Resources */ = {isa = PBXBuildFile; fileRef = C0C3E1EB163F07CB00E5C103 /* theme.json */; };
		C0C3E1ED163F07CB00E5C103 /* theme.json in Resources */ = {isa = PBXBuildFile; fileRef = C0C3E1EB163F07CB00E5C103 /* theme.json */; };
		C0F01D9916261C2A0087F99D /* MuffinRushAssets.m in Sources */ = {isa = PBXBuildFile; fileRef = C0F01D9816261C2A0087F99D /* MuffinRushAssets.m */; };
		C0F01D9A16261C2A0087F99D /* MuffinRushAssets.m in Sources */ = {isa = PBXBuildFile; fileRef = C0F01D9816261C2A0087F99D /* MuffinRushAssets.m */; };
/* End PBXBuildFile section */

/* Begin PBXFileReference section */
		C06222F11624A8B800101FE8 /* MuffinRush.app */ = {isa = PBXFileReference; explicitFileType = wrapper.application; includeInIndex = 0; path = MuffinRush.app; sourceTree = BUILT_PRODUCTS_DIR; };
		C06222F51624A8B800101FE8 /* UIKit.framework */ = {isa = PBXFileReference; lastKnownFileType = wrapper.framework; name = UIKit.framework; path = System/Library/Frameworks/UIKit.framework; sourceTree = SDKROOT; };
		C06222F71624A8B800101FE8 /* Foundation.framework */ = {isa = PBXFileReference; lastKnownFileType = wrapper.framework; name = Foundation.framework; path = System/Library/Frameworks/Foundation.framework; sourceTree = SDKROOT; };
		C06222F91624A8B800101FE8 /* CoreGraphics.framework */ = {isa = PBXFileReference; lastKnownFileType = wrapper.framework; name = CoreGraphics.framework; path = System/Library/Frameworks/CoreGraphics.framework; sourceTree = SDKROOT; };
		C06222FD1624A8B800101FE8 /* MuffinRush-Info.plist */ = {isa = PBXFileReference; lastKnownFileType = text.plist.xml; path = "MuffinRush-Info.plist"; sourceTree = "<group>"; };
		C06222FF1624A8B800101FE8 /* en */ = {isa = PBXFileReference; lastKnownFileType = text.plist.strings; name = en; path = en.lproj/InfoPlist.strings; sourceTree = "<group>"; };
		C06223011624A8B800101FE8 /* main.m */ = {isa = PBXFileReference; lastKnownFileType = sourcecode.c.objc; path = main.m; sourceTree = "<group>"; };
		C06223031624A8B800101FE8 /* MuffinRush-Prefix.pch */ = {isa = PBXFileReference; lastKnownFileType = sourcecode.c.h; path = "MuffinRush-Prefix.pch"; sourceTree = "<group>"; };
		C06223041624A8B800101FE8 /* AppDelegate.h */ = {isa = PBXFileReference; lastKnownFileType = sourcecode.c.h; path = AppDelegate.h; sourceTree = "<group>"; };
		C06223051624A8B800101FE8 /* AppDelegate.m */ = {isa = PBXFileReference; lastKnownFileType = sourcecode.c.objc; path = AppDelegate.m; sourceTree = "<group>"; };
		C062231C1624B19B00101FE8 /* en */ = {isa = PBXFileReference; lastKnownFileType = file.storyboard; name = en; path = en.lproj/MainStoryboard_iPad.storyboard; sourceTree = "<group>"; };
		C062231E1624B19B00101FE8 /* en */ = {isa = PBXFileReference; lastKnownFileType = file.storyboard; name = en; path = en.lproj/MainStoryboard_iPhone.storyboard; sourceTree = "<group>"; };
		C062233E1625705F00101FE8 /* libsqlite3.0.dylib */ = {isa = PBXFileReference; lastKnownFileType = "compiled.mach-o.dylib"; name = libsqlite3.0.dylib; path = usr/lib/libsqlite3.0.dylib; sourceTree = SDKROOT; };
		C06223401625706B00101FE8 /* StoreKit.framework */ = {isa = PBXFileReference; lastKnownFileType = wrapper.framework; name = StoreKit.framework; path = System/Library/Frameworks/StoreKit.framework; sourceTree = SDKROOT; };
		C06223421625711000101FE8 /* Security.framework */ = {isa = PBXFileReference; lastKnownFileType = wrapper.framework; name = Security.framework; path = System/Library/Frameworks/Security.framework; sourceTree = SDKROOT; };
		C07848BA164B09A50034A71D /* storefront */ = {isa = PBXFileReference; lastKnownFileType = folder; name = storefront; path = ../../../../../submodules/storefront/storefront; sourceTree = "<group>"; };
		C07848BD164B09B10034A71D /* GoodDog.otf */ = {isa = PBXFileReference; lastKnownFileType = file; name = GoodDog.otf; path = ../../../../.examplesUIAssets/fonts/GoodDog.otf; sourceTree = "<group>"; };
		C07848C2164B09CB0034A71D /* JSONConsts.h */ = {isa = PBXFileReference; fileEncoding = 4; lastKnownFileType = sourcecode.c.h; path = JSONConsts.h; sourceTree = "<group>"; };
		C07848C3164B09CB0034A71D /* JSONConsts.m */ = {isa = PBXFileReference; fileEncoding = 4; lastKnownFileType = sourcecode.c.objc; path = JSONConsts.m; sourceTree = "<group>"; };
		C07848C4164B09CB0034A71D /* StorageManager.h */ = {isa = PBXFileReference; fileEncoding = 4; lastKnownFileType = sourcecode.c.h; path = StorageManager.h; sourceTree = "<group>"; };
		C07848C5164B09CB0034A71D /* StorageManager.m */ = {isa = PBXFileReference; fileEncoding = 4; lastKnownFileType = sourcecode.c.objc; path = StorageManager.m; sourceTree = "<group>"; };
		C07848C6164B09CB0034A71D /* StoreDatabase.h */ = {isa = PBXFileReference; fileEncoding = 4; lastKnownFileType = sourcecode.c.h; path = StoreDatabase.h; sourceTree = "<group>"; };
		C07848C7164B09CB0034A71D /* StoreDatabase.m */ = {isa = PBXFileReference; fileEncoding = 4; lastKnownFileType = sourcecode.c.objc; path = StoreDatabase.m; sourceTree = "<group>"; };
		C07848C8164B09CB0034A71D /* StoreEncryptor.h */ = {isa = PBXFileReference; fileEncoding = 4; lastKnownFileType = sourcecode.c.h; path = StoreEncryptor.h; sourceTree = "<group>"; };
		C07848C9164B09CB0034A71D /* StoreEncryptor.m */ = {isa = PBXFileReference; fileEncoding = 4; lastKnownFileType = sourcecode.c.objc; path = StoreEncryptor.m; sourceTree = "<group>"; };
		C07848CA164B09CB0034A71D /* StorefrontInfo.h */ = {isa = PBXFileReference; fileEncoding = 4; lastKnownFileType = sourcecode.c.h; path = StorefrontInfo.h; sourceTree = "<group>"; };
		C07848CB164B09CB0034A71D /* StorefrontInfo.m */ = {isa = PBXFileReference; fileEncoding = 4; lastKnownFileType = sourcecode.c.objc; path = StorefrontInfo.m; sourceTree = "<group>"; };
		C07848CC164B09CB0034A71D /* StoreInfo.h */ = {isa = PBXFileReference; fileEncoding = 4; lastKnownFileType = sourcecode.c.h; path = StoreInfo.h; sourceTree = "<group>"; };
		C07848CD164B09CB0034A71D /* StoreInfo.m */ = {isa = PBXFileReference; fileEncoding = 4; lastKnownFileType = sourcecode.c.objc; path = StoreInfo.m; sourceTree = "<group>"; };
		C07848CE164B09CB0034A71D /* VirtualCurrencyStorage.h */ = {isa = PBXFileReference; fileEncoding = 4; lastKnownFileType = sourcecode.c.h; path = VirtualCurrencyStorage.h; sourceTree = "<group>"; };
		C07848CF164B09CB0034A71D /* VirtualCurrencyStorage.m */ = {isa = PBXFileReference; fileEncoding = 4; lastKnownFileType = sourcecode.c.objc; path = VirtualCurrencyStorage.m; sourceTree = "<group>"; };
		C07848D0164B09CB0034A71D /* VirtualGoodStorage.h */ = {isa = PBXFileReference; fileEncoding = 4; lastKnownFileType = sourcecode.c.h; path = VirtualGoodStorage.h; sourceTree = "<group>"; };
		C07848D1164B09CB0034A71D /* VirtualGoodStorage.m */ = {isa = PBXFileReference; fileEncoding = 4; lastKnownFileType = sourcecode.c.objc; path = VirtualGoodStorage.m; sourceTree = "<group>"; };
		C07848D4164B09CB0034A71D /* AppStoreItem.h */ = {isa = PBXFileReference; fileEncoding = 4; lastKnownFileType = sourcecode.c.h; path = AppStoreItem.h; sourceTree = "<group>"; };
		C07848D5164B09CB0034A71D /* AppStoreItem.m */ = {isa = PBXFileReference; fileEncoding = 4; lastKnownFileType = sourcecode.c.objc; path = AppStoreItem.m; sourceTree = "<group>"; };
		C07848D6164B09CB0034A71D /* BalanceDrivenPriceModel.h */ = {isa = PBXFileReference; fileEncoding = 4; lastKnownFileType = sourcecode.c.h; path = BalanceDrivenPriceModel.h; sourceTree = "<group>"; };
		C07848D7164B09CB0034A71D /* BalanceDrivenPriceModel.m */ = {isa = PBXFileReference; fileEncoding = 4; lastKnownFileType = sourcecode.c.objc; path = BalanceDrivenPriceModel.m; sourceTree = "<group>"; };
		C07848D8164B09CB0034A71D /* PriceModel.h */ = {isa = PBXFileReference; fileEncoding = 4; lastKnownFileType = sourcecode.c.h; path = PriceModel.h; sourceTree = "<group>"; };
		C07848D9164B09CB0034A71D /* PriceModel.m */ = {isa = PBXFileReference; fileEncoding = 4; lastKnownFileType = sourcecode.c.objc; path = PriceModel.m; sourceTree = "<group>"; };
		C07848DA164B09CB0034A71D /* StaticPriceModel.h */ = {isa = PBXFileReference; fileEncoding = 4; lastKnownFileType = sourcecode.c.h; path = StaticPriceModel.h; sourceTree = "<group>"; };
		C07848DB164B09CB0034A71D /* StaticPriceModel.m */ = {isa = PBXFileReference; fileEncoding = 4; lastKnownFileType = sourcecode.c.objc; path = StaticPriceModel.m; sourceTree = "<group>"; };
		C07848DC164B09CB0034A71D /* VirtualCategory.h */ = {isa = PBXFileReference; fileEncoding = 4; lastKnownFileType = sourcecode.c.h; path = VirtualCategory.h; sourceTree = "<group>"; };
		C07848DD164B09CB0034A71D /* VirtualCategory.m */ = {isa = PBXFileReference; fileEncoding = 4; lastKnownFileType = sourcecode.c.objc; path = VirtualCategory.m; sourceTree = "<group>"; };
		C07848DE164B09CB0034A71D /* VirtualCurrency.h */ = {isa = PBXFileReference; fileEncoding = 4; lastKnownFileType = sourcecode.c.h; path = VirtualCurrency.h; sourceTree = "<group>"; };
		C07848DF164B09CB0034A71D /* VirtualCurrency.m */ = {isa = PBXFileReference; fileEncoding = 4; lastKnownFileType = sourcecode.c.objc; path = VirtualCurrency.m; sourceTree = "<group>"; };
		C07848E0164B09CB0034A71D /* VirtualCurrencyPack.h */ = {isa = PBXFileReference; fileEncoding = 4; lastKnownFileType = sourcecode.c.h; path = VirtualCurrencyPack.h; sourceTree = "<group>"; };
		C07848E1164B09CB0034A71D /* VirtualCurrencyPack.m */ = {isa = PBXFileReference; fileEncoding = 4; lastKnownFileType = sourcecode.c.objc; path = VirtualCurrencyPack.m; sourceTree = "<group>"; };
		C07848E2164B09CB0034A71D /* VirtualGood.h */ = {isa = PBXFileReference; fileEncoding = 4; lastKnownFileType = sourcecode.c.h; path = VirtualGood.h; sourceTree = "<group>"; };
		C07848E3164B09CB0034A71D /* VirtualGood.m */ = {isa = PBXFileReference; fileEncoding = 4; lastKnownFileType = sourcecode.c.objc; path = VirtualGood.m; sourceTree = "<group>"; };
		C07848E4164B09CB0034A71D /* VirtualItem.h */ = {isa = PBXFileReference; fileEncoding = 4; lastKnownFileType = sourcecode.c.h; path = VirtualItem.h; sourceTree = "<group>"; };
		C07848E5164B09CC0034A71D /* VirtualItem.m */ = {isa = PBXFileReference; fileEncoding = 4; lastKnownFileType = sourcecode.c.objc; path = VirtualItem.m; sourceTree = "<group>"; };
		C07848E6164B09CC0034A71D /* EventHandling.h */ = {isa = PBXFileReference; fileEncoding = 4; lastKnownFileType = sourcecode.c.h; path = EventHandling.h; sourceTree = "<group>"; };
		C07848E7164B09CC0034A71D /* EventHandling.m */ = {isa = PBXFileReference; fileEncoding = 4; lastKnownFileType = sourcecode.c.objc; path = EventHandling.m; sourceTree = "<group>"; };
		C07848E9164B09CC0034A71D /* InsufficientFundsException.h */ = {isa = PBXFileReference; fileEncoding = 4; lastKnownFileType = sourcecode.c.h; path = InsufficientFundsException.h; sourceTree = "<group>"; };
		C07848EA164B09CC0034A71D /* InsufficientFundsException.m */ = {isa = PBXFileReference; fileEncoding = 4; lastKnownFileType = sourcecode.c.objc; path = InsufficientFundsException.m; sourceTree = "<group>"; };
		C07848EB164B09CC0034A71D /* NotEnoughGoodsException.h */ = {isa = PBXFileReference; fileEncoding = 4; lastKnownFileType = sourcecode.c.h; path = NotEnoughGoodsException.h; sourceTree = "<group>"; };
		C07848EC164B09CC0034A71D /* NotEnoughGoodsException.m */ = {isa = PBXFileReference; fileEncoding = 4; lastKnownFileType = sourcecode.c.objc; path = NotEnoughGoodsException.m; sourceTree = "<group>"; };
		C07848ED164B09CC0034A71D /* VirtualItemNotFoundException.h */ = {isa = PBXFileReference; fileEncoding = 4; lastKnownFileType = sourcecode.c.h; path = VirtualItemNotFoundException.h; sourceTree = "<group>"; };
		C07848EE164B09CC0034A71D /* VirtualItemNotFoundException.m */ = {isa = PBXFileReference; fileEncoding = 4; lastKnownFileType = sourcecode.c.objc; path = VirtualItemNotFoundException.m; sourceTree = "<group>"; };
		C07848F0164B09CC0034A71D /* FBEncryptorAES.h */ = {isa = PBXFileReference; fileEncoding = 4; lastKnownFileType = sourcecode.c.h; path = FBEncryptorAES.h; sourceTree = "<group>"; };
		C07848F1164B09CC0034A71D /* FBEncryptorAES.m */ = {isa = PBXFileReference; fileEncoding = 4; lastKnownFileType = sourcecode.c.objc; path = FBEncryptorAES.m; sourceTree = "<group>"; };
		C07848F2164B09CC0034A71D /* NSData+Base64.h */ = {isa = PBXFileReference; fileEncoding = 4; lastKnownFileType = sourcecode.c.h; path = "NSData+Base64.h"; sourceTree = "<group>"; };
		C07848F3164B09CC0034A71D /* NSData+Base64.m */ = {isa = PBXFileReference; fileEncoding = 4; lastKnownFileType = sourcecode.c.objc; path = "NSData+Base64.m"; sourceTree = "<group>"; };
		C07848F4164B09CC0034A71D /* IStoreAsssets.h */ = {isa = PBXFileReference; fileEncoding = 4; lastKnownFileType = sourcecode.c.h; path = IStoreAsssets.h; sourceTree = "<group>"; };
		C07848F6164B09CC0034A71D /* JSONKit.h */ = {isa = PBXFileReference; fileEncoding = 4; lastKnownFileType = sourcecode.c.h; path = JSONKit.h; sourceTree = "<group>"; };
		C07848F7164B09CC0034A71D /* JSONKit.m */ = {isa = PBXFileReference; fileEncoding = 4; lastKnownFileType = sourcecode.c.objc; path = JSONKit.m; sourceTree = "<group>"; };
		C07848F8164B09CC0034A71D /* SoomlaiOSStore-Prefix.pch */ = {isa = PBXFileReference; fileEncoding = 4; lastKnownFileType = sourcecode.c.h; path = "SoomlaiOSStore-Prefix.pch"; sourceTree = "<group>"; };
		C07848F9164B09CC0034A71D /* StoreConfig.h */ = {isa = PBXFileReference; fileEncoding = 4; lastKnownFileType = sourcecode.c.h; path = StoreConfig.h; sourceTree = "<group>"; };
		C07848FA164B09CC0034A71D /* StoreConfig.m */ = {isa = PBXFileReference; fileEncoding = 4; lastKnownFileType = sourcecode.c.objc; path = StoreConfig.m; sourceTree = "<group>"; };
		C07848FB164B09CC0034A71D /* StoreController.h */ = {isa = PBXFileReference; fileEncoding = 4; lastKnownFileType = sourcecode.c.h; path = StoreController.h; sourceTree = "<group>"; };
		C07848FC164B09CC0034A71D /* StoreController.m */ = {isa = PBXFileReference; fileEncoding = 4; lastKnownFileType = sourcecode.c.objc; path = StoreController.m; sourceTree = "<group>"; };
		C07848FD164B09CC0034A71D /* StoreInventory.h */ = {isa = PBXFileReference; fileEncoding = 4; lastKnownFileType = sourcecode.c.h; path = StoreInventory.h; sourceTree = "<group>"; };
		C07848FE164B09CC0034A71D /* StoreInventory.m */ = {isa = PBXFileReference; fileEncoding = 4; lastKnownFileType = sourcecode.c.objc; path = StoreInventory.m; sourceTree = "<group>"; };
		C0784900164B09CC0034A71D /* NSString+MD5Addition.h */ = {isa = PBXFileReference; fileEncoding = 4; lastKnownFileType = sourcecode.c.h; path = "NSString+MD5Addition.h"; sourceTree = "<group>"; };
		C0784901164B09CC0034A71D /* NSString+MD5Addition.m */ = {isa = PBXFileReference; fileEncoding = 4; lastKnownFileType = sourcecode.c.objc; path = "NSString+MD5Addition.m"; sourceTree = "<group>"; };
		C0784902164B09CC0034A71D /* UIDevice+IdentifierAddition.h */ = {isa = PBXFileReference; fileEncoding = 4; lastKnownFileType = sourcecode.c.h; path = "UIDevice+IdentifierAddition.h"; sourceTree = "<group>"; };
		C0784903164B09CC0034A71D /* UIDevice+IdentifierAddition.m */ = {isa = PBXFileReference; fileEncoding = 4; lastKnownFileType = sourcecode.c.objc; path = "UIDevice+IdentifierAddition.m"; sourceTree = "<group>"; };
		C078493F164B09D60034A71D /* StorefrontController.h */ = {isa = PBXFileReference; fileEncoding = 4; lastKnownFileType = sourcecode.c.h; path = StorefrontController.h; sourceTree = "<group>"; };
		C0784940164B09D60034A71D /* StorefrontController.m */ = {isa = PBXFileReference; fileEncoding = 4; lastKnownFileType = sourcecode.c.objc; path = StorefrontController.m; sourceTree = "<group>"; };
		C0784941164B09D60034A71D /* StorefrontJS.h */ = {isa = PBXFileReference; fileEncoding = 4; lastKnownFileType = sourcecode.c.h; path = StorefrontJS.h; sourceTree = "<group>"; };
		C0784942164B09D60034A71D /* StorefrontJS.m */ = {isa = PBXFileReference; fileEncoding = 4; lastKnownFileType = sourcecode.c.objc; path = StorefrontJS.m; sourceTree = "<group>"; };
		C0784943164B09D60034A71D /* StorefrontViewController.h */ = {isa = PBXFileReference; fileEncoding = 4; lastKnownFileType = sourcecode.c.h; path = StorefrontViewController.h; sourceTree = "<group>"; };
		C0784944164B09D60034A71D /* StorefrontViewController.m */ = {isa = PBXFileReference; fileEncoding = 4; lastKnownFileType = sourcecode.c.objc; path = StorefrontViewController.m; sourceTree = "<group>"; };
		C0784959164B13A10034A71D /* template */ = {isa = PBXFileReference; lastKnownFileType = file; name = template; path = ../theme/template; sourceTree = "<group>"; };
		C07849CC164B17290034A71D /* theme */ = {isa = PBXFileReference; lastKnownFileType = folder; name = theme; path = ../../../theme; sourceTree = "<group>"; };
		C07849D0164BD1FA0034A71D /* Default-568h@2x.png */ = {isa = PBXFileReference; lastKnownFileType = image.png; path = "Default-568h@2x.png"; sourceTree = "<group>"; };
		C07849D1164BD1FA0034A71D /* Default.png */ = {isa = PBXFileReference; lastKnownFileType = image.png; path = Default.png; sourceTree = "<group>"; };
		C07849D2164BD1FA0034A71D /* Default@2x.png */ = {isa = PBXFileReference; lastKnownFileType = image.png; path = "Default@2x.png"; sourceTree = "<group>"; };
		C07849D3164BD1FA0034A71D /* gradient.png */ = {isa = PBXFileReference; lastKnownFileType = image.png; path = gradient.png; sourceTree = "<group>"; };
		C07849D4164BD1FA0034A71D /* Icon.png */ = {isa = PBXFileReference; lastKnownFileType = image.png; path = Icon.png; sourceTree = "<group>"; };
		C07849D5164BD1FA0034A71D /* Icon@2x.png */ = {isa = PBXFileReference; lastKnownFileType = image.png; path = "Icon@2x.png"; sourceTree = "<group>"; };
		C07849D6164BD1FA0034A71D /* img_direct.jpg */ = {isa = PBXFileReference; lastKnownFileType = image.jpeg; path = img_direct.jpg; sourceTree = "<group>"; };
		C07849D7164BD1FA0034A71D /* right_bg.png */ = {isa = PBXFileReference; lastKnownFileType = image.png; path = right_bg.png; sourceTree = "<group>"; };
		C07849D8164BD1FA0034A71D /* right_bg_hover.png */ = {isa = PBXFileReference; lastKnownFileType = image.png; path = right_bg_hover.png; sourceTree = "<group>"; };
		C07849D9164BD1FA0034A71D /* soomla_logo_new.png */ = {isa = PBXFileReference; lastKnownFileType = image.png; path = soomla_logo_new.png; sourceTree = "<group>"; };
		C078923216259D0600D48ECD /* StoreExampleViewController.h */ = {isa = PBXFileReference; fileEncoding = 4; lastKnownFileType = sourcecode.c.h; path = StoreExampleViewController.h; sourceTree = "<group>"; };
		C078923316259D0600D48ECD /* StoreExampleViewController.m */ = {isa = PBXFileReference; fileEncoding = 4; lastKnownFileType = sourcecode.c.objc; path = StoreExampleViewController.m; sourceTree = "<group>"; };
		C0ABC17C16259A5F00632364 /* MuffinRush.app */ = {isa = PBXFileReference; explicitFileType = wrapper.application; includeInIndex = 0; path = MuffinRush.app; sourceTree = BUILT_PRODUCTS_DIR; };
		C0ABC17E16259A5F00632364 /* MuffinRushDevice-Info.plist */ = {isa = PBXFileReference; lastKnownFileType = text.plist.xml; name = "MuffinRushDevice-Info.plist"; path = "/Users/refaelos/work/soomla/storefront-themes/themes/muffinRush/ios-example/MuffinRush/MuffinRushDevice-Info.plist"; sourceTree = "<absolute>"; };
		C0C3E1EB163F07CB00E5C103 /* theme.json */ = {isa = PBXFileReference; fileEncoding = 4; lastKnownFileType = text.json; name = theme.json; path = ../../../theme.json; sourceTree = "<group>"; };
		C0F01D9716261C2A0087F99D /* MuffinRushAssets.h */ = {isa = PBXFileReference; fileEncoding = 4; lastKnownFileType = sourcecode.c.h; path = MuffinRushAssets.h; sourceTree = "<group>"; };
		C0F01D9816261C2A0087F99D /* MuffinRushAssets.m */ = {isa = PBXFileReference; fileEncoding = 4; lastKnownFileType = sourcecode.c.objc; path = MuffinRushAssets.m; sourceTree = "<group>"; };
/* End PBXFileReference section */

/* Begin PBXFrameworksBuildPhase section */
		C06222EE1624A8B800101FE8 /* Frameworks */ = {
			isa = PBXFrameworksBuildPhase;
			buildActionMask = 2147483647;
			files = (
				C06223431625711000101FE8 /* Security.framework in Frameworks */,
				C06223411625706B00101FE8 /* StoreKit.framework in Frameworks */,
				C062233F1625705F00101FE8 /* libsqlite3.0.dylib in Frameworks */,
				C06222F61624A8B800101FE8 /* UIKit.framework in Frameworks */,
				C06222F81624A8B800101FE8 /* Foundation.framework in Frameworks */,
				C06222FA1624A8B800101FE8 /* CoreGraphics.framework in Frameworks */,
			);
			runOnlyForDeploymentPostprocessing = 0;
		};
		C0ABC16016259A5F00632364 /* Frameworks */ = {
			isa = PBXFrameworksBuildPhase;
			buildActionMask = 2147483647;
			files = (
				C0ABC16116259A5F00632364 /* Security.framework in Frameworks */,
				C0ABC16216259A5F00632364 /* StoreKit.framework in Frameworks */,
				C0ABC16316259A5F00632364 /* libsqlite3.0.dylib in Frameworks */,
				C0ABC16516259A5F00632364 /* UIKit.framework in Frameworks */,
				C0ABC16616259A5F00632364 /* Foundation.framework in Frameworks */,
				C0ABC16716259A5F00632364 /* CoreGraphics.framework in Frameworks */,
			);
			runOnlyForDeploymentPostprocessing = 0;
		};
/* End PBXFrameworksBuildPhase section */

/* Begin PBXGroup section */
		C06222E61624A8B800101FE8 = {
			isa = PBXGroup;
			children = (
				C0784959164B13A10034A71D /* template */,
				C07848C0164B09CB0034A71D /* SoomlaiOSStore */,
				C078493E164B09D60034A71D /* SoomlaiOSStorefront */,
				C06222FB1624A8B800101FE8 /* MuffinRush */,
				C06222F41624A8B800101FE8 /* Frameworks */,
				C06222F21624A8B800101FE8 /* Products */,
			);
			sourceTree = "<group>";
		};
		C06222F21624A8B800101FE8 /* Products */ = {
			isa = PBXGroup;
			children = (
				C06222F11624A8B800101FE8 /* MuffinRush.app */,
				C0ABC17C16259A5F00632364 /* MuffinRush.app */,
			);
			name = Products;
			sourceTree = "<group>";
		};
		C06222F41624A8B800101FE8 /* Frameworks */ = {
			isa = PBXGroup;
			children = (
				C06223421625711000101FE8 /* Security.framework */,
				C06223401625706B00101FE8 /* StoreKit.framework */,
				C062233E1625705F00101FE8 /* libsqlite3.0.dylib */,
				C06222F51624A8B800101FE8 /* UIKit.framework */,
				C06222F71624A8B800101FE8 /* Foundation.framework */,
				C06222F91624A8B800101FE8 /* CoreGraphics.framework */,
			);
			name = Frameworks;
			sourceTree = "<group>";
		};
		C06222FB1624A8B800101FE8 /* MuffinRush */ = {
			isa = PBXGroup;
			children = (
				C06223211624B1A900101FE8 /* resources */,
				C06223041624A8B800101FE8 /* AppDelegate.h */,
				C06223051624A8B800101FE8 /* AppDelegate.m */,
				C0F01D9716261C2A0087F99D /* MuffinRushAssets.h */,
				C0F01D9816261C2A0087F99D /* MuffinRushAssets.m */,
				C078923216259D0600D48ECD /* StoreExampleViewController.h */,
				C078923316259D0600D48ECD /* StoreExampleViewController.m */,
				C062231B1624B19B00101FE8 /* MainStoryboard_iPad.storyboard */,
				C062231D1624B19B00101FE8 /* MainStoryboard_iPhone.storyboard */,
				C06222FC1624A8B800101FE8 /* Supporting Files */,
			);
			path = MuffinRush;
			sourceTree = "<group>";
		};
		C06222FC1624A8B800101FE8 /* Supporting Files */ = {
			isa = PBXGroup;
			children = (
				C0ABC17E16259A5F00632364 /* MuffinRushDevice-Info.plist */,
				C06222FD1624A8B800101FE8 /* MuffinRush-Info.plist */,
				C06222FE1624A8B800101FE8 /* InfoPlist.strings */,
				C06223011624A8B800101FE8 /* main.m */,
				C06223031624A8B800101FE8 /* MuffinRush-Prefix.pch */,
			);
			name = "Supporting Files";
			sourceTree = "<group>";
		};
		C06223211624B1A900101FE8 /* resources */ = {
			isa = PBXGroup;
			children = (
				C0C3E1EB163F07CB00E5C103 /* theme.json */,
				C07848BD164B09B10034A71D /* GoodDog.otf */,
				C07849CF164BD1FA0034A71D /* ios */,
				C07849CC164B17290034A71D /* theme */,
				C07848BA164B09A50034A71D /* storefront */,
			);
			path = resources;
			sourceTree = "<group>";
		};
		C07848C0164B09CB0034A71D /* SoomlaiOSStore */ = {
			isa = PBXGroup;
			children = (
				C07848C1164B09CB0034A71D /* data */,
				C07848D2164B09CB0034A71D /* domain */,
				C07848E6164B09CC0034A71D /* EventHandling.h */,
				C07848E7164B09CC0034A71D /* EventHandling.m */,
				C07848E8164B09CC0034A71D /* exceptions */,
				C07848EF164B09CC0034A71D /* FBEncryptor */,
				C07848F4164B09CC0034A71D /* IStoreAsssets.h */,
				C07848F5164B09CC0034A71D /* JSON */,
				C07848F8164B09CC0034A71D /* SoomlaiOSStore-Prefix.pch */,
				C07848F9164B09CC0034A71D /* StoreConfig.h */,
				C07848FA164B09CC0034A71D /* StoreConfig.m */,
				C07848FB164B09CC0034A71D /* StoreController.h */,
				C07848FC164B09CC0034A71D /* StoreController.m */,
				C07848FD164B09CC0034A71D /* StoreInventory.h */,
				C07848FE164B09CC0034A71D /* StoreInventory.m */,
				C07848FF164B09CC0034A71D /* UIDevice-UUID */,
			);
			name = SoomlaiOSStore;
			path = "../../../submodules/ios-store/SoomlaiOSStore";
			sourceTree = "<group>";
		};
		C07848C1164B09CB0034A71D /* data */ = {
			isa = PBXGroup;
			children = (
				C07848C2164B09CB0034A71D /* JSONConsts.h */,
				C07848C3164B09CB0034A71D /* JSONConsts.m */,
				C07848C4164B09CB0034A71D /* StorageManager.h */,
				C07848C5164B09CB0034A71D /* StorageManager.m */,
				C07848C6164B09CB0034A71D /* StoreDatabase.h */,
				C07848C7164B09CB0034A71D /* StoreDatabase.m */,
				C07848C8164B09CB0034A71D /* StoreEncryptor.h */,
				C07848C9164B09CB0034A71D /* StoreEncryptor.m */,
				C07848CA164B09CB0034A71D /* StorefrontInfo.h */,
				C07848CB164B09CB0034A71D /* StorefrontInfo.m */,
				C07848CC164B09CB0034A71D /* StoreInfo.h */,
				C07848CD164B09CB0034A71D /* StoreInfo.m */,
				C07848CE164B09CB0034A71D /* VirtualCurrencyStorage.h */,
				C07848CF164B09CB0034A71D /* VirtualCurrencyStorage.m */,
				C07848D0164B09CB0034A71D /* VirtualGoodStorage.h */,
				C07848D1164B09CB0034A71D /* VirtualGoodStorage.m */,
			);
			path = data;
			sourceTree = "<group>";
		};
		C07848D2164B09CB0034A71D /* domain */ = {
			isa = PBXGroup;
			children = (
				C07848D3164B09CB0034A71D /* data */,
			);
			path = domain;
			sourceTree = "<group>";
		};
		C07848D3164B09CB0034A71D /* data */ = {
			isa = PBXGroup;
			children = (
				C07848D4164B09CB0034A71D /* AppStoreItem.h */,
				C07848D5164B09CB0034A71D /* AppStoreItem.m */,
				C07848D6164B09CB0034A71D /* BalanceDrivenPriceModel.h */,
				C07848D7164B09CB0034A71D /* BalanceDrivenPriceModel.m */,
				C07848D8164B09CB0034A71D /* PriceModel.h */,
				C07848D9164B09CB0034A71D /* PriceModel.m */,
				C07848DA164B09CB0034A71D /* StaticPriceModel.h */,
				C07848DB164B09CB0034A71D /* StaticPriceModel.m */,
				C07848DC164B09CB0034A71D /* VirtualCategory.h */,
				C07848DD164B09CB0034A71D /* VirtualCategory.m */,
				C07848DE164B09CB0034A71D /* VirtualCurrency.h */,
				C07848DF164B09CB0034A71D /* VirtualCurrency.m */,
				C07848E0164B09CB0034A71D /* VirtualCurrencyPack.h */,
				C07848E1164B09CB0034A71D /* VirtualCurrencyPack.m */,
				C07848E2164B09CB0034A71D /* VirtualGood.h */,
				C07848E3164B09CB0034A71D /* VirtualGood.m */,
				C07848E4164B09CB0034A71D /* VirtualItem.h */,
				C07848E5164B09CC0034A71D /* VirtualItem.m */,
			);
			path = data;
			sourceTree = "<group>";
		};
		C07848E8164B09CC0034A71D /* exceptions */ = {
			isa = PBXGroup;
			children = (
				C07848E9164B09CC0034A71D /* InsufficientFundsException.h */,
				C07848EA164B09CC0034A71D /* InsufficientFundsException.m */,
				C07848EB164B09CC0034A71D /* NotEnoughGoodsException.h */,
				C07848EC164B09CC0034A71D /* NotEnoughGoodsException.m */,
				C07848ED164B09CC0034A71D /* VirtualItemNotFoundException.h */,
				C07848EE164B09CC0034A71D /* VirtualItemNotFoundException.m */,
			);
			path = exceptions;
			sourceTree = "<group>";
		};
		C07848EF164B09CC0034A71D /* FBEncryptor */ = {
			isa = PBXGroup;
			children = (
				C07848F0164B09CC0034A71D /* FBEncryptorAES.h */,
				C07848F1164B09CC0034A71D /* FBEncryptorAES.m */,
				C07848F2164B09CC0034A71D /* NSData+Base64.h */,
				C07848F3164B09CC0034A71D /* NSData+Base64.m */,
			);
			path = FBEncryptor;
			sourceTree = "<group>";
		};
		C07848F5164B09CC0034A71D /* JSON */ = {
			isa = PBXGroup;
			children = (
				C07848F6164B09CC0034A71D /* JSONKit.h */,
				C07848F7164B09CC0034A71D /* JSONKit.m */,
			);
			path = JSON;
			sourceTree = "<group>";
		};
		C07848FF164B09CC0034A71D /* UIDevice-UUID */ = {
			isa = PBXGroup;
			children = (
				C0784900164B09CC0034A71D /* NSString+MD5Addition.h */,
				C0784901164B09CC0034A71D /* NSString+MD5Addition.m */,
				C0784902164B09CC0034A71D /* UIDevice+IdentifierAddition.h */,
				C0784903164B09CC0034A71D /* UIDevice+IdentifierAddition.m */,
			);
			path = "UIDevice-UUID";
			sourceTree = "<group>";
		};
		C078493E164B09D60034A71D /* SoomlaiOSStorefront */ = {
			isa = PBXGroup;
			children = (
				C078493F164B09D60034A71D /* StorefrontController.h */,
				C0784940164B09D60034A71D /* StorefrontController.m */,
				C0784941164B09D60034A71D /* StorefrontJS.h */,
				C0784942164B09D60034A71D /* StorefrontJS.m */,
				C0784943164B09D60034A71D /* StorefrontViewController.h */,
				C0784944164B09D60034A71D /* StorefrontViewController.m */,
			);
			name = SoomlaiOSStorefront;
			path = "../../../submodules/storefront/native-store/ios/SoomlaiOSStorefront";
			sourceTree = "<group>";
		};
		C07849CF164BD1FA0034A71D /* ios */ = {
			isa = PBXGroup;
			children = (
				C07849D0164BD1FA0034A71D /* Default-568h@2x.png */,
				C07849D1164BD1FA0034A71D /* Default.png */,
				C07849D2164BD1FA0034A71D /* Default@2x.png */,
				C07849D3164BD1FA0034A71D /* gradient.png */,
				C07849D4164BD1FA0034A71D /* Icon.png */,
				C07849D5164BD1FA0034A71D /* Icon@2x.png */,
				C07849D6164BD1FA0034A71D /* img_direct.jpg */,
				C07849D7164BD1FA0034A71D /* right_bg.png */,
				C07849D8164BD1FA0034A71D /* right_bg_hover.png */,
				C07849D9164BD1FA0034A71D /* soomla_logo_new.png */,
			);
			name = ios;
			path = ../../../../.examplesUIAssets/ios;
			sourceTree = "<group>";
		};
/* End PBXGroup section */

/* Begin PBXNativeTarget section */
		C06222F01624A8B800101FE8 /* MuffinRush */ = {
			isa = PBXNativeTarget;
			buildConfigurationList = C06223151624A8B800101FE8 /* Build configuration list for PBXNativeTarget "MuffinRush" */;
			buildPhases = (
				C06222ED1624A8B800101FE8 /* Sources */,
				C06222EE1624A8B800101FE8 /* Frameworks */,
				C06222EF1624A8B800101FE8 /* Resources */,
				C07849CB164B15890034A71D /* ShellScript */,
			);
			buildRules = (
			);
			dependencies = (
			);
			name = MuffinRush;
			productName = MuffinRush;
			productReference = C06222F11624A8B800101FE8 /* MuffinRush.app */;
			productType = "com.apple.product-type.application";
		};
		C0ABC15B16259A5F00632364 /* MuffinRushDevice */ = {
			isa = PBXNativeTarget;
			buildConfigurationList = C0ABC17916259A5F00632364 /* Build configuration list for PBXNativeTarget "MuffinRushDevice" */;
			buildPhases = (
				C0ABC15C16259A5F00632364 /* Sources */,
				C0ABC16016259A5F00632364 /* Frameworks */,
				C0ABC16816259A5F00632364 /* Resources */,
			);
			buildRules = (
			);
			dependencies = (
			);
			name = MuffinRushDevice;
			productName = MuffinRush;
			productReference = C0ABC17C16259A5F00632364 /* MuffinRush.app */;
			productType = "com.apple.product-type.application";
		};
/* End PBXNativeTarget section */

/* Begin PBXProject section */
		C06222E81624A8B800101FE8 /* Project object */ = {
			isa = PBXProject;
			attributes = {
				LastUpgradeCheck = 0450;
				ORGANIZATIONNAME = SOOMLA;
			};
			buildConfigurationList = C06222EB1624A8B800101FE8 /* Build configuration list for PBXProject "MuffinRush" */;
			compatibilityVersion = "Xcode 3.2";
			developmentRegion = English;
			hasScannedForEncodings = 0;
			knownRegions = (
				en,
			);
			mainGroup = C06222E61624A8B800101FE8;
			productRefGroup = C06222F21624A8B800101FE8 /* Products */;
			projectDirPath = "";
			projectRoot = "";
			targets = (
				C06222F01624A8B800101FE8 /* MuffinRush */,
				C0ABC15B16259A5F00632364 /* MuffinRushDevice */,
			);
		};
/* End PBXProject section */

/* Begin PBXResourcesBuildPhase section */
		C06222EF1624A8B800101FE8 /* Resources */ = {
			isa = PBXResourcesBuildPhase;
			buildActionMask = 2147483647;
			files = (
				C06223001624A8B800101FE8 /* InfoPlist.strings in Resources */,
				C062231F1624B19B00101FE8 /* MainStoryboard_iPad.storyboard in Resources */,
				C06223201624B19B00101FE8 /* MainStoryboard_iPhone.storyboard in Resources */,
				C0C3E1EC163F07CB00E5C103 /* theme.json in Resources */,
				C07848BB164B09A50034A71D /* storefront in Resources */,
				C07848BE164B09B10034A71D /* GoodDog.otf in Resources */,
				C07849DA164BD1FA0034A71D /* Default-568h@2x.png in Resources */,
				C07849DC164BD1FA0034A71D /* Default.png in Resources */,
				C07849DE164BD1FA0034A71D /* Default@2x.png in Resources */,
				C07849E0164BD1FA0034A71D /* gradient.png in Resources */,
				C07849E2164BD1FA0034A71D /* Icon.png in Resources */,
				C07849E4164BD1FA0034A71D /* Icon@2x.png in Resources */,
				C07849E6164BD1FA0034A71D /* img_direct.jpg in Resources */,
				C07849E8164BD1FA0034A71D /* right_bg.png in Resources */,
				C07849EA164BD1FA0034A71D /* right_bg_hover.png in Resources */,
				C07849EC164BD1FA0034A71D /* soomla_logo_new.png in Resources */,
			);
			runOnlyForDeploymentPostprocessing = 0;
		};
		C0ABC16816259A5F00632364 /* Resources */ = {
			isa = PBXResourcesBuildPhase;
			buildActionMask = 2147483647;
			files = (
				C0ABC16916259A5F00632364 /* InfoPlist.strings in Resources */,
				C0ABC16A16259A5F00632364 /* MainStoryboard_iPad.storyboard in Resources */,
				C0ABC16B16259A5F00632364 /* MainStoryboard_iPhone.storyboard in Resources */,
				C0C3E1ED163F07CB00E5C103 /* theme.json in Resources */,
				C07848BC164B09A50034A71D /* storefront in Resources */,
				C07848BF164B09B10034A71D /* GoodDog.otf in Resources */,
				C07849CE164B17290034A71D /* theme in Resources */,
				C07849DB164BD1FA0034A71D /* Default-568h@2x.png in Resources */,
				C07849DD164BD1FA0034A71D /* Default.png in Resources */,
				C07849DF164BD1FA0034A71D /* Default@2x.png in Resources */,
				C07849E1164BD1FA0034A71D /* gradient.png in Resources */,
				C07849E3164BD1FA0034A71D /* Icon.png in Resources */,
				C07849E5164BD1FA0034A71D /* Icon@2x.png in Resources */,
				C07849E7164BD1FA0034A71D /* img_direct.jpg in Resources */,
				C07849E9164BD1FA0034A71D /* right_bg.png in Resources */,
				C07849EB164BD1FA0034A71D /* right_bg_hover.png in Resources */,
				C07849ED164BD1FA0034A71D /* soomla_logo_new.png in Resources */,
			);
			runOnlyForDeploymentPostprocessing = 0;
		};
/* End PBXResourcesBuildPhase section */

/* Begin PBXShellScriptBuildPhase section */
		C07849CB164B15890034A71D /* ShellScript */ = {
			isa = PBXShellScriptBuildPhase;
			buildActionMask = 2147483647;
			files = (
			);
			inputPaths = (
			);
			outputPaths = (
			);
			runOnlyForDeploymentPostprocessing = 0;
			shellPath = /bin/sh;
			shellScript = "cp -r \\\n$PROJECT_DIR/../theme \\\n$BUILT_PRODUCTS_DIR/$CONTENTS_FOLDER_PATH";
		};
/* End PBXShellScriptBuildPhase section */

/* Begin PBXSourcesBuildPhase section */
		C06222ED1624A8B800101FE8 /* Sources */ = {
			isa = PBXSourcesBuildPhase;
			buildActionMask = 2147483647;
			files = (
				C06223021624A8B800101FE8 /* main.m in Sources */,
				C06223061624A8B800101FE8 /* AppDelegate.m in Sources */,
				C078923416259D0600D48ECD /* StoreExampleViewController.m in Sources */,
				C0F01D9916261C2A0087F99D /* MuffinRushAssets.m in Sources */,
				C0784904164B09CC0034A71D /* JSONConsts.m in Sources */,
				C0784906164B09CC0034A71D /* StorageManager.m in Sources */,
				C0784908164B09CC0034A71D /* StoreDatabase.m in Sources */,
				C078490A164B09CC0034A71D /* StoreEncryptor.m in Sources */,
				C078490C164B09CC0034A71D /* StorefrontInfo.m in Sources */,
				C078490E164B09CC0034A71D /* StoreInfo.m in Sources */,
				C0784910164B09CC0034A71D /* VirtualCurrencyStorage.m in Sources */,
				C0784912164B09CC0034A71D /* VirtualGoodStorage.m in Sources */,
				C0784914164B09CC0034A71D /* AppStoreItem.m in Sources */,
				C0784916164B09CC0034A71D /* BalanceDrivenPriceModel.m in Sources */,
				C0784918164B09CC0034A71D /* PriceModel.m in Sources */,
				C078491A164B09CC0034A71D /* StaticPriceModel.m in Sources */,
				C078491C164B09CC0034A71D /* VirtualCategory.m in Sources */,
				C078491E164B09CC0034A71D /* VirtualCurrency.m in Sources */,
				C0784920164B09CC0034A71D /* VirtualCurrencyPack.m in Sources */,
				C0784922164B09CC0034A71D /* VirtualGood.m in Sources */,
				C0784924164B09CC0034A71D /* VirtualItem.m in Sources */,
				C0784926164B09CC0034A71D /* EventHandling.m in Sources */,
				C0784928164B09CC0034A71D /* InsufficientFundsException.m in Sources */,
				C078492A164B09CC0034A71D /* NotEnoughGoodsException.m in Sources */,
				C078492C164B09CC0034A71D /* VirtualItemNotFoundException.m in Sources */,
				C078492E164B09CC0034A71D /* FBEncryptorAES.m in Sources */,
				C0784930164B09CC0034A71D /* NSData+Base64.m in Sources */,
				C0784932164B09CC0034A71D /* JSONKit.m in Sources */,
				C0784934164B09CC0034A71D /* StoreConfig.m in Sources */,
				C0784936164B09CC0034A71D /* StoreController.m in Sources */,
				C0784938164B09CC0034A71D /* StoreInventory.m in Sources */,
				C078493A164B09CC0034A71D /* NSString+MD5Addition.m in Sources */,
				C078493C164B09CC0034A71D /* UIDevice+IdentifierAddition.m in Sources */,
				C0784945164B09D60034A71D /* StorefrontController.m in Sources */,
				C0784947164B09D60034A71D /* StorefrontJS.m in Sources */,
				C0784949164B09D60034A71D /* StorefrontViewController.m in Sources */,
			);
			runOnlyForDeploymentPostprocessing = 0;
		};
		C0ABC15C16259A5F00632364 /* Sources */ = {
			isa = PBXSourcesBuildPhase;
			buildActionMask = 2147483647;
			files = (
				C0ABC15D16259A5F00632364 /* main.m in Sources */,
				C0ABC15E16259A5F00632364 /* AppDelegate.m in Sources */,
				C078923516259D0600D48ECD /* StoreExampleViewController.m in Sources */,
				C0F01D9A16261C2A0087F99D /* MuffinRushAssets.m in Sources */,
				C0784905164B09CC0034A71D /* JSONConsts.m in Sources */,
				C0784907164B09CC0034A71D /* StorageManager.m in Sources */,
				C0784909164B09CC0034A71D /* StoreDatabase.m in Sources */,
				C078490B164B09CC0034A71D /* StoreEncryptor.m in Sources */,
				C078490D164B09CC0034A71D /* StorefrontInfo.m in Sources */,
				C078490F164B09CC0034A71D /* StoreInfo.m in Sources */,
				C0784911164B09CC0034A71D /* VirtualCurrencyStorage.m in Sources */,
				C0784913164B09CC0034A71D /* VirtualGoodStorage.m in Sources */,
				C0784915164B09CC0034A71D /* AppStoreItem.m in Sources */,
				C0784917164B09CC0034A71D /* BalanceDrivenPriceModel.m in Sources */,
				C0784919164B09CC0034A71D /* PriceModel.m in Sources */,
				C078491B164B09CC0034A71D /* StaticPriceModel.m in Sources */,
				C078491D164B09CC0034A71D /* VirtualCategory.m in Sources */,
				C078491F164B09CC0034A71D /* VirtualCurrency.m in Sources */,
				C0784921164B09CC0034A71D /* VirtualCurrencyPack.m in Sources */,
				C0784923164B09CC0034A71D /* VirtualGood.m in Sources */,
				C0784925164B09CC0034A71D /* VirtualItem.m in Sources */,
				C0784927164B09CC0034A71D /* EventHandling.m in Sources */,
				C0784929164B09CC0034A71D /* InsufficientFundsException.m in Sources */,
				C078492B164B09CC0034A71D /* NotEnoughGoodsException.m in Sources */,
				C078492D164B09CC0034A71D /* VirtualItemNotFoundException.m in Sources */,
				C078492F164B09CC0034A71D /* FBEncryptorAES.m in Sources */,
				C0784931164B09CC0034A71D /* NSData+Base64.m in Sources */,
				C0784933164B09CC0034A71D /* JSONKit.m in Sources */,
				C0784935164B09CC0034A71D /* StoreConfig.m in Sources */,
				C0784937164B09CC0034A71D /* StoreController.m in Sources */,
				C0784939164B09CC0034A71D /* StoreInventory.m in Sources */,
				C078493B164B09CC0034A71D /* NSString+MD5Addition.m in Sources */,
				C078493D164B09CC0034A71D /* UIDevice+IdentifierAddition.m in Sources */,
				C0784946164B09D60034A71D /* StorefrontController.m in Sources */,
				C0784948164B09D60034A71D /* StorefrontJS.m in Sources */,
				C078494A164B09D60034A71D /* StorefrontViewController.m in Sources */,
			);
			runOnlyForDeploymentPostprocessing = 0;
		};
/* End PBXSourcesBuildPhase section */

/* Begin PBXVariantGroup section */
		C06222FE1624A8B800101FE8 /* InfoPlist.strings */ = {
			isa = PBXVariantGroup;
			children = (
				C06222FF1624A8B800101FE8 /* en */,
			);
			name = InfoPlist.strings;
			sourceTree = "<group>";
		};
		C062231B1624B19B00101FE8 /* MainStoryboard_iPad.storyboard */ = {
			isa = PBXVariantGroup;
			children = (
				C062231C1624B19B00101FE8 /* en */,
			);
			name = MainStoryboard_iPad.storyboard;
			sourceTree = "<group>";
		};
		C062231D1624B19B00101FE8 /* MainStoryboard_iPhone.storyboard */ = {
			isa = PBXVariantGroup;
			children = (
				C062231E1624B19B00101FE8 /* en */,
			);
			name = MainStoryboard_iPhone.storyboard;
			sourceTree = "<group>";
		};
/* End PBXVariantGroup section */

/* Begin XCBuildConfiguration section */
		C06223131624A8B800101FE8 /* Debug */ = {
			isa = XCBuildConfiguration;
			buildSettings = {
				ALWAYS_SEARCH_USER_PATHS = NO;
				CLANG_CXX_LANGUAGE_STANDARD = "gnu++0x";
				CLANG_CXX_LIBRARY = "libc++";
				CLANG_ENABLE_OBJC_ARC = YES;
				CLANG_WARN_EMPTY_BODY = YES;
				CLANG_WARN__DUPLICATE_METHOD_MATCH = YES;
				"CODE_SIGN_IDENTITY[sdk=iphoneos*]" = "iPhone Developer";
				COPY_PHASE_STRIP = NO;
				GCC_C_LANGUAGE_STANDARD = gnu99;
				GCC_DYNAMIC_NO_PIC = NO;
				GCC_OPTIMIZATION_LEVEL = 0;
				GCC_PREPROCESSOR_DEFINITIONS = (
					"DEBUG=1",
					"$(inherited)",
				);
				GCC_SYMBOLS_PRIVATE_EXTERN = NO;
				GCC_WARN_ABOUT_RETURN_TYPE = YES;
				GCC_WARN_UNINITIALIZED_AUTOS = YES;
				GCC_WARN_UNUSED_VARIABLE = YES;
				IPHONEOS_DEPLOYMENT_TARGET = 6.0;
				ONLY_ACTIVE_ARCH = YES;
				SDKROOT = iphoneos;
			};
			name = Debug;
		};
		C06223141624A8B800101FE8 /* Release */ = {
			isa = XCBuildConfiguration;
			buildSettings = {
				ALWAYS_SEARCH_USER_PATHS = NO;
				CLANG_CXX_LANGUAGE_STANDARD = "gnu++0x";
				CLANG_CXX_LIBRARY = "libc++";
				CLANG_ENABLE_OBJC_ARC = YES;
				CLANG_WARN_EMPTY_BODY = YES;
				CLANG_WARN__DUPLICATE_METHOD_MATCH = YES;
				"CODE_SIGN_IDENTITY[sdk=iphoneos*]" = "iPhone Developer";
				COPY_PHASE_STRIP = YES;
				GCC_C_LANGUAGE_STANDARD = gnu99;
				GCC_WARN_ABOUT_RETURN_TYPE = YES;
				GCC_WARN_UNINITIALIZED_AUTOS = YES;
				GCC_WARN_UNUSED_VARIABLE = YES;
				IPHONEOS_DEPLOYMENT_TARGET = 6.0;
				OTHER_CFLAGS = "-DNS_BLOCK_ASSERTIONS=1";
				SDKROOT = iphoneos;
				VALIDATE_PRODUCT = YES;
			};
			name = Release;
		};
		C06223161624A8B800101FE8 /* Debug */ = {
			isa = XCBuildConfiguration;
			buildSettings = {
				GCC_PRECOMPILE_PREFIX_HEADER = YES;
				GCC_PREFIX_HEADER = "MuffinRush/MuffinRush-Prefix.pch";
				INFOPLIST_FILE = "MuffinRush/MuffinRush-Info.plist";
				OTHER_LDFLAGS = "";
				PRODUCT_NAME = "$(TARGET_NAME)";
				WRAPPER_EXTENSION = app;
			};
			name = Debug;
		};
		C06223171624A8B800101FE8 /* Release */ = {
			isa = XCBuildConfiguration;
			buildSettings = {
				GCC_PRECOMPILE_PREFIX_HEADER = YES;
				GCC_PREFIX_HEADER = "MuffinRush/MuffinRush-Prefix.pch";
				INFOPLIST_FILE = "MuffinRush/MuffinRush-Info.plist";
				OTHER_LDFLAGS = "";
				PRODUCT_NAME = "$(TARGET_NAME)";
				WRAPPER_EXTENSION = app;
			};
			name = Release;
		};
		C0ABC17A16259A5F00632364 /* Debug */ = {
			isa = XCBuildConfiguration;
			buildSettings = {
				GCC_PRECOMPILE_PREFIX_HEADER = YES;
				GCC_PREFIX_HEADER = "MuffinRush/MuffinRush-Prefix.pch";
				INFOPLIST_FILE = "MuffinRushDevice-Info.plist";
				PRODUCT_NAME = MuffinRush;
				WRAPPER_EXTENSION = app;
			};
			name = Debug;
		};
		C0ABC17B16259A5F00632364 /* Release */ = {
			isa = XCBuildConfiguration;
			buildSettings = {
				GCC_PRECOMPILE_PREFIX_HEADER = YES;
				GCC_PREFIX_HEADER = "MuffinRush/MuffinRush-Prefix.pch";
				INFOPLIST_FILE = "MuffinRushDevice-Info.plist";
				PRODUCT_NAME = MuffinRush;
				WRAPPER_EXTENSION = app;
			};
			name = Release;
		};
/* End XCBuildConfiguration section */

/* Begin XCConfigurationList section */
		C06222EB1624A8B800101FE8 /* Build configuration list for PBXProject "MuffinRush" */ = {
			isa = XCConfigurationList;
			buildConfigurations = (
				C06223131624A8B800101FE8 /* Debug */,
				C06223141624A8B800101FE8 /* Release */,
			);
			defaultConfigurationIsVisible = 0;
			defaultConfigurationName = Release;
		};
		C06223151624A8B800101FE8 /* Build configuration list for PBXNativeTarget "MuffinRush" */ = {
			isa = XCConfigurationList;
			buildConfigurations = (
				C06223161624A8B800101FE8 /* Debug */,
				C06223171624A8B800101FE8 /* Release */,
			);
			defaultConfigurationIsVisible = 0;
			defaultConfigurationName = Release;
		};
		C0ABC17916259A5F00632364 /* Build configuration list for PBXNativeTarget "MuffinRushDevice" */ = {
			isa = XCConfigurationList;
			buildConfigurations = (
				C0ABC17A16259A5F00632364 /* Debug */,
				C0ABC17B16259A5F00632364 /* Release */,
			);
			defaultConfigurationIsVisible = 0;
			defaultConfigurationName = Release;
		};
/* End XCConfigurationList section */
	};
	rootObject = C06222E81624A8B800101FE8 /* Project object */;
}
